// !$*UTF8*$!
{
	archiveVersion = 1;
	classes = {
	};
	objectVersion = 77;
	objects = {

/* Begin PBXContainerItemProxy section */
		A2DD299E2CD9F13C0000CF32 /* PBXContainerItemProxy */ = {
			isa = PBXContainerItemProxy;
			containerPortal = A2DD29852CD9F13A0000CF32 /* Project object */;
			proxyType = 1;
			remoteGlobalIDString = A2DD298C2CD9F13A0000CF32;
			remoteInfo = travela_ios;
		};
		A2DD29A82CD9F13C0000CF32 /* PBXContainerItemProxy */ = {
			isa = PBXContainerItemProxy;
			containerPortal = A2DD29852CD9F13A0000CF32 /* Project object */;
			proxyType = 1;
			remoteGlobalIDString = A2DD298C2CD9F13A0000CF32;
			remoteInfo = travela_ios;
		};
/* End PBXContainerItemProxy section */

/* Begin PBXFileReference section */
		A2DD298D2CD9F13A0000CF32 /* travela_ios.app */ = {isa = PBXFileReference; explicitFileType = wrapper.application; includeInIndex = 0; path = travela_ios.app; sourceTree = BUILT_PRODUCTS_DIR; };
		A2DD299D2CD9F13C0000CF32 /* travela_iosTests.xctest */ = {isa = PBXFileReference; explicitFileType = wrapper.cfbundle; includeInIndex = 0; path = travela_iosTests.xctest; sourceTree = BUILT_PRODUCTS_DIR; };
		A2DD29A72CD9F13C0000CF32 /* travela_iosUITests.xctest */ = {isa = PBXFileReference; explicitFileType = wrapper.cfbundle; includeInIndex = 0; path = travela_iosUITests.xctest; sourceTree = BUILT_PRODUCTS_DIR; };
/* End PBXFileReference section */

/* Begin PBXFileSystemSynchronizedRootGroup section */
		A2DD298F2CD9F13A0000CF32 /* travela_ios */ = {
			isa = PBXFileSystemSynchronizedRootGroup;
			path = travela_ios;
			sourceTree = "<group>";
		};
		A2DD29A02CD9F13C0000CF32 /* travela_iosTests */ = {
			isa = PBXFileSystemSynchronizedRootGroup;
			path = travela_iosTests;
			sourceTree = "<group>";
		};
		A2DD29AA2CD9F13C0000CF32 /* travela_iosUITests */ = {
			isa = PBXFileSystemSynchronizedRootGroup;
			path = travela_iosUITests;
			sourceTree = "<group>";
		};
/* End PBXFileSystemSynchronizedRootGroup section */

/* Begin PBXFrameworksBuildPhase section */
		A2DD298A2CD9F13A0000CF32 /* Frameworks */ = {
			isa = PBXFrameworksBuildPhase;
			buildActionMask = 2147483647;
			files = (
			);
			runOnlyForDeploymentPostprocessing = 0;
		};
		A2DD299A2CD9F13C0000CF32 /* Frameworks */ = {
			isa = PBXFrameworksBuildPhase;
			buildActionMask = 2147483647;
			files = (
			);
			runOnlyForDeploymentPostprocessing = 0;
		};
		A2DD29A42CD9F13C0000CF32 /* Frameworks */ = {
			isa = PBXFrameworksBuildPhase;
			buildActionMask = 2147483647;
			files = (
			);
			runOnlyForDeploymentPostprocessing = 0;
		};
/* End PBXFrameworksBuildPhase section */

/* Begin PBXGroup section */
		A2DD29842CD9F13A0000CF32 = {
			isa = PBXGroup;
			children = (
				A2DD298F2CD9F13A0000CF32 /* travela_ios */,
				A2DD29A02CD9F13C0000CF32 /* travela_iosTests */,
				A2DD29AA2CD9F13C0000CF32 /* travela_iosUITests */,
				A2DD298E2CD9F13A0000CF32 /* Products */,
			);
			sourceTree = "<group>";
		};
		A2DD298E2CD9F13A0000CF32 /* Products */ = {
			isa = PBXGroup;
			children = (
				A2DD298D2CD9F13A0000CF32 /* travela_ios.app */,
				A2DD299D2CD9F13C0000CF32 /* travela_iosTests.xctest */,
				A2DD29A72CD9F13C0000CF32 /* travela_iosUITests.xctest */,
			);
			name = Products;
			sourceTree = "<group>";
		};
/* End PBXGroup section */

/* Begin PBXNativeTarget section */
		A2DD298C2CD9F13A0000CF32 /* travela_ios */ = {
			isa = PBXNativeTarget;
			buildConfigurationList = A2DD29B12CD9F13C0000CF32 /* Build configuration list for PBXNativeTarget "travela_ios" */;
			buildPhases = (
				A2DD29892CD9F13A0000CF32 /* Sources */,
				A2DD298A2CD9F13A0000CF32 /* Frameworks */,
				A2DD298B2CD9F13A0000CF32 /* Resources */,
			);
			buildRules = (
			);
			dependencies = (
			);
			fileSystemSynchronizedGroups = (
				A2DD298F2CD9F13A0000CF32 /* travela_ios */,
			);
			name = travela_ios;
			packageProductDependencies = (
			);
			productName = travela_ios;
			productReference = A2DD298D2CD9F13A0000CF32 /* travela_ios.app */;
			productType = "com.apple.product-type.application";
		};
		A2DD299C2CD9F13C0000CF32 /* travela_iosTests */ = {
			isa = PBXNativeTarget;
			buildConfigurationList = A2DD29B42CD9F13C0000CF32 /* Build configuration list for PBXNativeTarget "travela_iosTests" */;
			buildPhases = (
				A2DD29992CD9F13C0000CF32 /* Sources */,
				A2DD299A2CD9F13C0000CF32 /* Frameworks */,
				A2DD299B2CD9F13C0000CF32 /* Resources */,
			);
			buildRules = (
			);
			dependencies = (
				A2DD299F2CD9F13C0000CF32 /* PBXTargetDependency */,
			);
			fileSystemSynchronizedGroups = (
				A2DD29A02CD9F13C0000CF32 /* travela_iosTests */,
			);
			name = travela_iosTests;
			packageProductDependencies = (
			);
			productName = travela_iosTests;
			productReference = A2DD299D2CD9F13C0000CF32 /* travela_iosTests.xctest */;
			productType = "com.apple.product-type.bundle.unit-test";
		};
		A2DD29A62CD9F13C0000CF32 /* travela_iosUITests */ = {
			isa = PBXNativeTarget;
			buildConfigurationList = A2DD29B72CD9F13C0000CF32 /* Build configuration list for PBXNativeTarget "travela_iosUITests" */;
			buildPhases = (
				A2DD29A32CD9F13C0000CF32 /* Sources */,
				A2DD29A42CD9F13C0000CF32 /* Frameworks */,
				A2DD29A52CD9F13C0000CF32 /* Resources */,
			);
			buildRules = (
			);
			dependencies = (
				A2DD29A92CD9F13C0000CF32 /* PBXTargetDependency */,
			);
			fileSystemSynchronizedGroups = (
				A2DD29AA2CD9F13C0000CF32 /* travela_iosUITests */,
			);
			name = travela_iosUITests;
			packageProductDependencies = (
			);
			productName = travela_iosUITests;
			productReference = A2DD29A72CD9F13C0000CF32 /* travela_iosUITests.xctest */;
			productType = "com.apple.product-type.bundle.ui-testing";
		};
/* End PBXNativeTarget section */

/* Begin PBXProject section */
		A2DD29852CD9F13A0000CF32 /* Project object */ = {
			isa = PBXProject;
			attributes = {
				BuildIndependentTargetsInParallel = 1;
				LastSwiftUpdateCheck = 1610;
				LastUpgradeCheck = 1610;
				TargetAttributes = {
					A2DD298C2CD9F13A0000CF32 = {
						CreatedOnToolsVersion = 16.1;
					};
					A2DD299C2CD9F13C0000CF32 = {
						CreatedOnToolsVersion = 16.1;
						TestTargetID = A2DD298C2CD9F13A0000CF32;
					};
					A2DD29A62CD9F13C0000CF32 = {
						CreatedOnToolsVersion = 16.1;
						TestTargetID = A2DD298C2CD9F13A0000CF32;
					};
				};
			};
			buildConfigurationList = A2DD29882CD9F13A0000CF32 /* Build configuration list for PBXProject "travela_ios" */;
			developmentRegion = en;
			hasScannedForEncodings = 0;
			knownRegions = (
				en,
				Base,
			);
			mainGroup = A2DD29842CD9F13A0000CF32;
			minimizedProjectReferenceProxies = 1;
			preferredProjectObjectVersion = 77;
			productRefGroup = A2DD298E2CD9F13A0000CF32 /* Products */;
			projectDirPath = "";
			projectRoot = "";
			targets = (
				A2DD298C2CD9F13A0000CF32 /* travela_ios */,
				A2DD299C2CD9F13C0000CF32 /* travela_iosTests */,
				A2DD29A62CD9F13C0000CF32 /* travela_iosUITests */,
			);
		};
/* End PBXProject section */

/* Begin PBXResourcesBuildPhase section */
		A2DD298B2CD9F13A0000CF32 /* Resources */ = {
			isa = PBXResourcesBuildPhase;
			buildActionMask = 2147483647;
			files = (
			);
			runOnlyForDeploymentPostprocessing = 0;
		};
		A2DD299B2CD9F13C0000CF32 /* Resources */ = {
			isa = PBXResourcesBuildPhase;
			buildActionMask = 2147483647;
			files = (
			);
			runOnlyForDeploymentPostprocessing = 0;
		};
		A2DD29A52CD9F13C0000CF32 /* Resources */ = {
			isa = PBXResourcesBuildPhase;
			buildActionMask = 2147483647;
			files = (
			);
			runOnlyForDeploymentPostprocessing = 0;
		};
/* End PBXResourcesBuildPhase section */

/* Begin PBXSourcesBuildPhase section */
		A2DD29892CD9F13A0000CF32 /* Sources */ = {
			isa = PBXSourcesBuildPhase;
			buildActionMask = 2147483647;
			files = (
			);
			runOnlyForDeploymentPostprocessing = 0;
		};
		A2DD29992CD9F13C0000CF32 /* Sources */ = {
			isa = PBXSourcesBuildPhase;
			buildActionMask = 2147483647;
			files = (
			);
			runOnlyForDeploymentPostprocessing = 0;
		};
		A2DD29A32CD9F13C0000CF32 /* Sources */ = {
			isa = PBXSourcesBuildPhase;
			buildActionMask = 2147483647;
			files = (
			);
			runOnlyForDeploymentPostprocessing = 0;
		};
/* End PBXSourcesBuildPhase section */

/* Begin PBXTargetDependency section */
		A2DD299F2CD9F13C0000CF32 /* PBXTargetDependency */ = {
			isa = PBXTargetDependency;
			target = A2DD298C2CD9F13A0000CF32 /* travela_ios */;
			targetProxy = A2DD299E2CD9F13C0000CF32 /* PBXContainerItemProxy */;
		};
		A2DD29A92CD9F13C0000CF32 /* PBXTargetDependency */ = {
			isa = PBXTargetDependency;
			target = A2DD298C2CD9F13A0000CF32 /* travela_ios */;
			targetProxy = A2DD29A82CD9F13C0000CF32 /* PBXContainerItemProxy */;
		};
/* End PBXTargetDependency section */

/* Begin XCBuildConfiguration section */
		A2DD29AF2CD9F13C0000CF32 /* Debug */ = {
			isa = XCBuildConfiguration;
			buildSettings = {
				ALWAYS_SEARCH_USER_PATHS = NO;
				ASSETCATALOG_COMPILER_GENERATE_SWIFT_ASSET_SYMBOL_EXTENSIONS = YES;
				CLANG_ANALYZER_NONNULL = YES;
				CLANG_ANALYZER_NUMBER_OBJECT_CONVERSION = YES_AGGRESSIVE;
				CLANG_CXX_LANGUAGE_STANDARD = "gnu++20";
				CLANG_ENABLE_MODULES = YES;
				CLANG_ENABLE_OBJC_ARC = YES;
				CLANG_ENABLE_OBJC_WEAK = YES;
				CLANG_WARN_BLOCK_CAPTURE_AUTORELEASING = YES;
				CLANG_WARN_BOOL_CONVERSION = YES;
				CLANG_WARN_COMMA = YES;
				CLANG_WARN_CONSTANT_CONVERSION = YES;
				CLANG_WARN_DEPRECATED_OBJC_IMPLEMENTATIONS = YES;
				CLANG_WARN_DIRECT_OBJC_ISA_USAGE = YES_ERROR;
				CLANG_WARN_DOCUMENTATION_COMMENTS = YES;
				CLANG_WARN_EMPTY_BODY = YES;
				CLANG_WARN_ENUM_CONVERSION = YES;
				CLANG_WARN_INFINITE_RECURSION = YES;
				CLANG_WARN_INT_CONVERSION = YES;
				CLANG_WARN_NON_LITERAL_NULL_CONVERSION = YES;
				CLANG_WARN_OBJC_IMPLICIT_RETAIN_SELF = YES;
				CLANG_WARN_OBJC_LITERAL_CONVERSION = YES;
				CLANG_WARN_OBJC_ROOT_CLASS = YES_ERROR;
				CLANG_WARN_QUOTED_INCLUDE_IN_FRAMEWORK_HEADER = YES;
				CLANG_WARN_RANGE_LOOP_ANALYSIS = YES;
				CLANG_WARN_STRICT_PROTOTYPES = YES;
				CLANG_WARN_SUSPICIOUS_MOVE = YES;
				CLANG_WARN_UNGUARDED_AVAILABILITY = YES_AGGRESSIVE;
				CLANG_WARN_UNREACHABLE_CODE = YES;
				CLANG_WARN__DUPLICATE_METHOD_MATCH = YES;
				COPY_PHASE_STRIP = NO;
				DEBUG_INFORMATION_FORMAT = dwarf;
				ENABLE_STRICT_OBJC_MSGSEND = YES;
				ENABLE_TESTABILITY = YES;
				ENABLE_USER_SCRIPT_SANDBOXING = YES;
				GCC_C_LANGUAGE_STANDARD = gnu17;
				GCC_DYNAMIC_NO_PIC = NO;
				GCC_NO_COMMON_BLOCKS = YES;
				GCC_OPTIMIZATION_LEVEL = 0;
				GCC_PREPROCESSOR_DEFINITIONS = (
					"DEBUG=1",
					"$(inherited)",
				);
				GCC_WARN_64_TO_32_BIT_CONVERSION = YES;
				GCC_WARN_ABOUT_RETURN_TYPE = YES_ERROR;
				GCC_WARN_UNDECLARED_SELECTOR = YES;
				GCC_WARN_UNINITIALIZED_AUTOS = YES_AGGRESSIVE;
				GCC_WARN_UNUSED_FUNCTION = YES;
				GCC_WARN_UNUSED_VARIABLE = YES;
				IPHONEOS_DEPLOYMENT_TARGET = 18.1;
				LOCALIZATION_PREFERS_STRING_CATALOGS = YES;
				MTL_ENABLE_DEBUG_INFO = INCLUDE_SOURCE;
				MTL_FAST_MATH = YES;
				ONLY_ACTIVE_ARCH = YES;
				SDKROOT = iphoneos;
				SWIFT_ACTIVE_COMPILATION_CONDITIONS = "DEBUG $(inherited)";
				SWIFT_OPTIMIZATION_LEVEL = "-Onone";
			};
			name = Debug;
		};
		A2DD29B02CD9F13C0000CF32 /* Release */ = {
			isa = XCBuildConfiguration;
			buildSettings = {
				ALWAYS_SEARCH_USER_PATHS = NO;
				ASSETCATALOG_COMPILER_GENERATE_SWIFT_ASSET_SYMBOL_EXTENSIONS = YES;
				CLANG_ANALYZER_NONNULL = YES;
				CLANG_ANALYZER_NUMBER_OBJECT_CONVERSION = YES_AGGRESSIVE;
				CLANG_CXX_LANGUAGE_STANDARD = "gnu++20";
				CLANG_ENABLE_MODULES = YES;
				CLANG_ENABLE_OBJC_ARC = YES;
				CLANG_ENABLE_OBJC_WEAK = YES;
				CLANG_WARN_BLOCK_CAPTURE_AUTORELEASING = YES;
				CLANG_WARN_BOOL_CONVERSION = YES;
				CLANG_WARN_COMMA = YES;
				CLANG_WARN_CONSTANT_CONVERSION = YES;
				CLANG_WARN_DEPRECATED_OBJC_IMPLEMENTATIONS = YES;
				CLANG_WARN_DIRECT_OBJC_ISA_USAGE = YES_ERROR;
				CLANG_WARN_DOCUMENTATION_COMMENTS = YES;
				CLANG_WARN_EMPTY_BODY = YES;
				CLANG_WARN_ENUM_CONVERSION = YES;
				CLANG_WARN_INFINITE_RECURSION = YES;
				CLANG_WARN_INT_CONVERSION = YES;
				CLANG_WARN_NON_LITERAL_NULL_CONVERSION = YES;
				CLANG_WARN_OBJC_IMPLICIT_RETAIN_SELF = YES;
				CLANG_WARN_OBJC_LITERAL_CONVERSION = YES;
				CLANG_WARN_OBJC_ROOT_CLASS = YES_ERROR;
				CLANG_WARN_QUOTED_INCLUDE_IN_FRAMEWORK_HEADER = YES;
				CLANG_WARN_RANGE_LOOP_ANALYSIS = YES;
				CLANG_WARN_STRICT_PROTOTYPES = YES;
				CLANG_WARN_SUSPICIOUS_MOVE = YES;
				CLANG_WARN_UNGUARDED_AVAILABILITY = YES_AGGRESSIVE;
				CLANG_WARN_UNREACHABLE_CODE = YES;
				CLANG_WARN__DUPLICATE_METHOD_MATCH = YES;
				COPY_PHASE_STRIP = NO;
				DEBUG_INFORMATION_FORMAT = "dwarf-with-dsym";
				ENABLE_NS_ASSERTIONS = NO;
				ENABLE_STRICT_OBJC_MSGSEND = YES;
				ENABLE_USER_SCRIPT_SANDBOXING = YES;
				GCC_C_LANGUAGE_STANDARD = gnu17;
				GCC_NO_COMMON_BLOCKS = YES;
				GCC_WARN_64_TO_32_BIT_CONVERSION = YES;
				GCC_WARN_ABOUT_RETURN_TYPE = YES_ERROR;
				GCC_WARN_UNDECLARED_SELECTOR = YES;
				GCC_WARN_UNINITIALIZED_AUTOS = YES_AGGRESSIVE;
				GCC_WARN_UNUSED_FUNCTION = YES;
				GCC_WARN_UNUSED_VARIABLE = YES;
				IPHONEOS_DEPLOYMENT_TARGET = 18.1;
				LOCALIZATION_PREFERS_STRING_CATALOGS = YES;
				MTL_ENABLE_DEBUG_INFO = NO;
				MTL_FAST_MATH = YES;
				SDKROOT = iphoneos;
				SWIFT_COMPILATION_MODE = wholemodule;
				VALIDATE_PRODUCT = YES;
			};
			name = Release;
		};
		A2DD29B22CD9F13C0000CF32 /* Debug */ = {
			isa = XCBuildConfiguration;
			buildSettings = {
				ASSETCATALOG_COMPILER_APPICON_NAME = AppIcon;
				ASSETCATALOG_COMPILER_GLOBAL_ACCENT_COLOR_NAME = AccentColor;
				CODE_SIGN_STYLE = Automatic;
				CURRENT_PROJECT_VERSION = 1;
				DEVELOPMENT_ASSET_PATHS = "\"travela_ios/Preview Content\"";
				ENABLE_PREVIEWS = YES;
				GENERATE_INFOPLIST_FILE = YES;
				INFOPLIST_KEY_NSLocationWhenInUseUsageDescription = "We need your position to find interesting places around you.";
				INFOPLIST_KEY_UIApplicationSceneManifest_Generation = YES;
				INFOPLIST_KEY_UIApplicationSupportsIndirectInputEvents = YES;
				INFOPLIST_KEY_UILaunchScreen_Generation = YES;
				INFOPLIST_KEY_UISupportedInterfaceOrientations_iPad = "UIInterfaceOrientationPortrait UIInterfaceOrientationPortraitUpsideDown UIInterfaceOrientationLandscapeLeft UIInterfaceOrientationLandscapeRight";
				INFOPLIST_KEY_UISupportedInterfaceOrientations_iPhone = "UIInterfaceOrientationPortrait UIInterfaceOrientationLandscapeLeft UIInterfaceOrientationLandscapeRight";
				LD_RUNPATH_SEARCH_PATHS = (
					"$(inherited)",
					"@executable_path/Frameworks",
				);
				MARKETING_VERSION = 1.0;
				PRODUCT_BUNDLE_IDENTIFIER = "com.travela.travela-ios";
				PRODUCT_NAME = "$(TARGET_NAME)";
				SWIFT_EMIT_LOC_STRINGS = YES;
				SWIFT_VERSION = 5.0;
				TARGETED_DEVICE_FAMILY = "1,2";
			};
			name = Debug;
		};
		A2DD29B32CD9F13C0000CF32 /* Release */ = {
			isa = XCBuildConfiguration;
			buildSettings = {
				ASSETCATALOG_COMPILER_APPICON_NAME = AppIcon;
				ASSETCATALOG_COMPILER_GLOBAL_ACCENT_COLOR_NAME = AccentColor;
				CODE_SIGN_STYLE = Automatic;
				CURRENT_PROJECT_VERSION = 1;
				DEVELOPMENT_ASSET_PATHS = "\"travela_ios/Preview Content\"";
				ENABLE_PREVIEWS = YES;
				GENERATE_INFOPLIST_FILE = YES;
				INFOPLIST_KEY_NSLocationWhenInUseUsageDescription = "We need your position to find interesting places around you.";
				INFOPLIST_KEY_UIApplicationSceneManifest_Generation = YES;
				INFOPLIST_KEY_UIApplicationSupportsIndirectInputEvents = YES;
				INFOPLIST_KEY_UILaunchScreen_Generation = YES;
				INFOPLIST_KEY_UISupportedInterfaceOrientations_iPad = "UIInterfaceOrientationPortrait UIInterfaceOrientationPortraitUpsideDown UIInterfaceOrientationLandscapeLeft UIInterfaceOrientationLandscapeRight";
				INFOPLIST_KEY_UISupportedInterfaceOrientations_iPhone = "UIInterfaceOrientationPortrait UIInterfaceOrientationLandscapeLeft UIInterfaceOrientationLandscapeRight";
				LD_RUNPATH_SEARCH_PATHS = (
					"$(inherited)",
					"@executable_path/Frameworks",
				);
				MARKETING_VERSION = 1.0;
				PRODUCT_BUNDLE_IDENTIFIER = "com.travela.travela-ios";
				PRODUCT_NAME = "$(TARGET_NAME)";
				SWIFT_EMIT_LOC_STRINGS = YES;
				SWIFT_VERSION = 5.0;
				TARGETED_DEVICE_FAMILY = "1,2";
			};
			name = Release;
		};
		A2DD29B52CD9F13C0000CF32 /* Debug */ = {
			isa = XCBuildConfiguration;
			buildSettings = {
				BUNDLE_LOADER = "$(TEST_HOST)";
				CODE_SIGN_STYLE = Automatic;
				CURRENT_PROJECT_VERSION = 1;
				GENERATE_INFOPLIST_FILE = YES;
				IPHONEOS_DEPLOYMENT_TARGET = 18.1;
				MARKETING_VERSION = 1.0;
				PRODUCT_BUNDLE_IDENTIFIER = "com.travela.travela-iosTests";
				PRODUCT_NAME = "$(TARGET_NAME)";
				SWIFT_EMIT_LOC_STRINGS = NO;
				SWIFT_VERSION = 5.0;
				TARGETED_DEVICE_FAMILY = "1,2";
				TEST_HOST = "$(BUILT_PRODUCTS_DIR)/travela_ios.app/$(BUNDLE_EXECUTABLE_FOLDER_PATH)/travela_ios";
			};
			name = Debug;
		};
		A2DD29B62CD9F13C0000CF32 /* Release */ = {
			isa = XCBuildConfiguration;
			buildSettings = {
				BUNDLE_LOADER = "$(TEST_HOST)";
				CODE_SIGN_STYLE = Automatic;
				CURRENT_PROJECT_VERSION = 1;
				GENERATE_INFOPLIST_FILE = YES;
				IPHONEOS_DEPLOYMENT_TARGET = 18.1;
				MARKETING_VERSION = 1.0;
				PRODUCT_BUNDLE_IDENTIFIER = "com.travela.travela-iosTests";
				PRODUCT_NAME = "$(TARGET_NAME)";
				SWIFT_EMIT_LOC_STRINGS = NO;
				SWIFT_VERSION = 5.0;
				TARGETED_DEVICE_FAMILY = "1,2";
				TEST_HOST = "$(BUILT_PRODUCTS_DIR)/travela_ios.app/$(BUNDLE_EXECUTABLE_FOLDER_PATH)/travela_ios";
			};
			name = Release;
		};
		A2DD29B82CD9F13C0000CF32 /* Debug */ = {
			isa = XCBuildConfiguration;
			buildSettings = {
				CODE_SIGN_STYLE = Automatic;
				CURRENT_PROJECT_VERSION = 1;
				GENERATE_INFOPLIST_FILE = YES;
				MARKETING_VERSION = 1.0;
				PRODUCT_BUNDLE_IDENTIFIER = "com.travela.travela-iosUITests";
				PRODUCT_NAME = "$(TARGET_NAME)";
				SWIFT_EMIT_LOC_STRINGS = NO;
				SWIFT_VERSION = 5.0;
				TARGETED_DEVICE_FAMILY = "1,2";
				TEST_TARGET_NAME = travela_ios;
			};
			name = Debug;
		};
		A2DD29B92CD9F13C0000CF32 /* Release */ = {
			isa = XCBuildConfiguration;
			buildSettings = {
				CODE_SIGN_STYLE = Automatic;
				CURRENT_PROJECT_VERSION = 1;
				GENERATE_INFOPLIST_FILE = YES;
				MARKETING_VERSION = 1.0;
				PRODUCT_BUNDLE_IDENTIFIER = "com.travela.travela-iosUITests";
				PRODUCT_NAME = "$(TARGET_NAME)";
				SWIFT_EMIT_LOC_STRINGS = NO;
				SWIFT_VERSION = 5.0;
				TARGETED_DEVICE_FAMILY = "1,2";
				TEST_TARGET_NAME = travela_ios;
			};
			name = Release;
		};
/* End XCBuildConfiguration section */

/* Begin XCConfigurationList section */
		A2DD29882CD9F13A0000CF32 /* Build configuration list for PBXProject "travela_ios" */ = {
			isa = XCConfigurationList;
			buildConfigurations = (
				A2DD29AF2CD9F13C0000CF32 /* Debug */,
				A2DD29B02CD9F13C0000CF32 /* Release */,
			);
			defaultConfigurationIsVisible = 0;
			defaultConfigurationName = Release;
		};
		A2DD29B12CD9F13C0000CF32 /* Build configuration list for PBXNativeTarget "travela_ios" */ = {
			isa = XCConfigurationList;
			buildConfigurations = (
				A2DD29B22CD9F13C0000CF32 /* Debug */,
				A2DD29B32CD9F13C0000CF32 /* Release */,
			);
			defaultConfigurationIsVisible = 0;
			defaultConfigurationName = Release;
		};
		A2DD29B42CD9F13C0000CF32 /* Build configuration list for PBXNativeTarget "travela_iosTests" */ = {
			isa = XCConfigurationList;
			buildConfigurations = (
				A2DD29B52CD9F13C0000CF32 /* Debug */,
				A2DD29B62CD9F13C0000CF32 /* Release */,
			);
			defaultConfigurationIsVisible = 0;
			defaultConfigurationName = Release;
		};
		A2DD29B72CD9F13C0000CF32 /* Build configuration list for PBXNativeTarget "travela_iosUITests" */ = {
			isa = XCConfigurationList;
			buildConfigurations = (
				A2DD29B82CD9F13C0000CF32 /* Debug */,
				A2DD29B92CD9F13C0000CF32 /* Release */,
			);
			defaultConfigurationIsVisible = 0;
			defaultConfigurationName = Release;
		};
/* End XCConfigurationList section */
	};
	rootObject = A2DD29852CD9F13A0000CF32 /* Project object */;
}
